
Microsoft Visual Studio Solution File, Format Version 12.00
# Visual Studio Version 16
VisualStudioVersion = 16.0.29920.165
MinimumVisualStudioVersion = 10.0.40219.1
Project("{FAE04EC0-301F-11D3-BF4B-00C04F79EFBC}") = "OOPProject", "OOPProject\OOPProject.csproj", "{197C2AF7-700F-400E-908D-2349980C887E}"
EndProject
Project("{FAE04EC0-301F-11D3-BF4B-00C04F79EFBC}") = "OOPProjectLibrary", "OOPProjectLibrary\OOPProjectLibrary.csproj", "{355271EC-9671-47F5-A4FD-46BCB0E41A9B}"
EndProject
Global
	GlobalSection(SolutionConfigurationPlatforms) = preSolution
		Debug|Any CPU = Debug|Any CPU
		Release|Any CPU = Release|Any CPU
	EndGlobalSection
	GlobalSection(ProjectConfigurationPlatforms) = postSolution
		{197C2AF7-700F-400E-908D-2349980C887E}.Debug|Any CPU.ActiveCfg = Debug|Any CPU
		{197C2AF7-700F-400E-908D-2349980C887E}.Debug|Any CPU.Build.0 = Debug|Any CPU
		{197C2AF7-700F-400E-908D-2349980C887E}.Release|Any CPU.ActiveCfg = Release|Any CPU
		{197C2AF7-700F-400E-908D-2349980C887E}.Release|Any CPU.Build.0 = Release|Any CPU
		{355271EC-9671-47F5-A4FD-46BCB0E41A9B}.Debug|Any CPU.ActiveCfg = Debug|Any CPU
		{355271EC-9671-47F5-A4FD-46BCB0E41A9B}.Debug|Any CPU.Build.0 = Debug|Any CPU
		{355271EC-9671-47F5-A4FD-46BCB0E41A9B}.Release|Any CPU.ActiveCfg = Release|Any CPU
		{355271EC-9671-47F5-A4FD-46BCB0E41A9B}.Release|Any CPU.Build.0 = Release|Any CPU
	EndGlobalSection
	GlobalSection(SolutionProperties) = preSolution
		HideSolutionNode = FALSE
	EndGlobalSection
	GlobalSection(ExtensibilityGlobals) = postSolution
		SolutionGuid = {306093DA-3324-49EA-90C8-82B3E9E74711}
	EndGlobalSection
EndGlobal
